
Microsoft Visual Studio Solution File, Format Version 12.00
# Visual Studio Version 17
VisualStudioVersion = 17.10.35122.118
MinimumVisualStudioVersion = 10.0.40219.1
Project("{FAE04EC0-301F-11D3-BF4B-00C04F79EFBC}") = "BlazorSampleApp", "BlazorSampleApp.csproj", "{439B823F-ED4E-42E5-A43C-CEE4AC068EAD}"
EndProject
Global
	GlobalSection(SolutionConfigurationPlatforms) = preSolution
		Debug|Any CPU = Debug|Any CPU
		Release|Any CPU = Release|Any CPU
	EndGlobalSection
	GlobalSection(ProjectConfigurationPlatforms) = postSolution
		{439B823F-ED4E-42E5-A43C-CEE4AC068EAD}.Debug|Any CPU.ActiveCfg = Debug|Any CPU
		{439B823F-ED4E-42E5-A43C-CEE4AC068EAD}.Debug|Any CPU.Build.0 = Debug|Any CPU
		{439B823F-ED4E-42E5-A43C-CEE4AC068EAD}.Release|Any CPU.ActiveCfg = Release|Any CPU
		{439B823F-ED4E-42E5-A43C-CEE4AC068EAD}.Release|Any CPU.Build.0 = Release|Any CPU
	EndGlobalSection
	GlobalSection(SolutionProperties) = preSolution
		HideSolutionNode = FALSE
	EndGlobalSection
	GlobalSection(ExtensibilityGlobals) = postSolution
		SolutionGuid = {DCE563D2-9CAB-4D44-8B59-45EED26B589E}
	EndGlobalSection
EndGlobal
